
Microsoft Visual Studio Solution File, Format Version 12.00
# Visual Studio Version 16
VisualStudioVersion = 16.0.29926.136
MinimumVisualStudioVersion = 10.0.40219.1
Project("{9A19103F-16F7-4668-BE54-9A1E7A4F7556}") = "Assigment5", "Assigment3\Assigment5.csproj", "{BB712868-B4F4-4A01-ACCD-320E5B382948}"
EndProject
Project("{9A19103F-16F7-4668-BE54-9A1E7A4F7556}") = "ProjetoTeste", "ProjetoTeste\ProjetoTeste.csproj", "{5B9E12A9-5865-424B-9C06-87314C67A55A}"
EndProject
Global
	GlobalSection(SolutionConfigurationPlatforms) = preSolution
		Debug|Any CPU = Debug|Any CPU
		Release|Any CPU = Release|Any CPU
	EndGlobalSection
	GlobalSection(ProjectConfigurationPlatforms) = postSolution
		{BB712868-B4F4-4A01-ACCD-320E5B382948}.Debug|Any CPU.ActiveCfg = Debug|Any CPU
		{BB712868-B4F4-4A01-ACCD-320E5B382948}.Debug|Any CPU.Build.0 = Debug|Any CPU
		{BB712868-B4F4-4A01-ACCD-320E5B382948}.Release|Any CPU.ActiveCfg = Release|Any CPU
		{BB712868-B4F4-4A01-ACCD-320E5B382948}.Release|Any CPU.Build.0 = Release|Any CPU
		{5B9E12A9-5865-424B-9C06-87314C67A55A}.Debug|Any CPU.ActiveCfg = Debug|Any CPU
		{5B9E12A9-5865-424B-9C06-87314C67A55A}.Debug|Any CPU.Build.0 = Debug|Any CPU
		{5B9E12A9-5865-424B-9C06-87314C67A55A}.Release|Any CPU.ActiveCfg = Release|Any CPU
		{5B9E12A9-5865-424B-9C06-87314C67A55A}.Release|Any CPU.Build.0 = Release|Any CPU
	EndGlobalSection
	GlobalSection(SolutionProperties) = preSolution
		HideSolutionNode = FALSE
	EndGlobalSection
	GlobalSection(ExtensibilityGlobals) = postSolution
		SolutionGuid = {5A61AFA0-6C80-478C-969B-8251AD0BB8AE}
	EndGlobalSection
EndGlobal
